
Microsoft Visual Studio Solution File, Format Version 12.00
# Visual Studio 15
VisualStudioVersion = 15.0.28307.271
MinimumVisualStudioVersion = 10.0.40219.1
Project("{9A19103F-16F7-4668-BE54-9A1E7A4F7556}") = "BusSimulator-2", "BusSimulator-2.csproj", "{43088D4E-BD77-4917-98E6-F87975EE7E1A}"
EndProject
Global
	GlobalSection(SolutionConfigurationPlatforms) = preSolution
		Debug|Any CPU = Debug|Any CPU
		Release|Any CPU = Release|Any CPU
	EndGlobalSection
	GlobalSection(ProjectConfigurationPlatforms) = postSolution
		{43088D4E-BD77-4917-98E6-F87975EE7E1A}.Debug|Any CPU.ActiveCfg = Debug|Any CPU
		{43088D4E-BD77-4917-98E6-F87975EE7E1A}.Debug|Any CPU.Build.0 = Debug|Any CPU
		{43088D4E-BD77-4917-98E6-F87975EE7E1A}.Release|Any CPU.ActiveCfg = Release|Any CPU
		{43088D4E-BD77-4917-98E6-F87975EE7E1A}.Release|Any CPU.Build.0 = Release|Any CPU
	EndGlobalSection
	GlobalSection(SolutionProperties) = preSolution
		HideSolutionNode = FALSE
	EndGlobalSection
	GlobalSection(ExtensibilityGlobals) = postSolution
		SolutionGuid = {69F5968B-28A0-46B1-BC1D-090AEB3A4F47}
	EndGlobalSection
EndGlobal
